
Microsoft Visual Studio Solution File, Format Version 12.00
# Visual Studio Version 17
VisualStudioVersion = 17.9.34622.214
MinimumVisualStudioVersion = 10.0.40219.1
Project("{FAE04EC0-301F-11D3-BF4B-00C04F79EFBC}") = "WorkflowTest", "WorkflowTest\WorkflowTest.csproj", "{78012B29-67EB-4640-B4E6-E8D7F732A643}"
EndProject
Project("{2150E333-8FDC-42A3-9474-1A3956D46DE8}") = "解决方案项", "解决方案项", "{E8120D17-E52D-484A-A701-C5834807B504}"
	ProjectSection(SolutionItems) = preProject
		.github\workflows\test.yml = .github\workflows\test.yml
	EndProjectSection
EndProject
Global
	GlobalSection(SolutionConfigurationPlatforms) = preSolution
		Debug|Any CPU = Debug|Any CPU
		Release|Any CPU = Release|Any CPU
	EndGlobalSection
	GlobalSection(ProjectConfigurationPlatforms) = postSolution
		{78012B29-67EB-4640-B4E6-E8D7F732A643}.Debug|Any CPU.ActiveCfg = Debug|Any CPU
		{78012B29-67EB-4640-B4E6-E8D7F732A643}.Debug|Any CPU.Build.0 = Debug|Any CPU
		{78012B29-67EB-4640-B4E6-E8D7F732A643}.Release|Any CPU.ActiveCfg = Release|Any CPU
		{78012B29-67EB-4640-B4E6-E8D7F732A643}.Release|Any CPU.Build.0 = Release|Any CPU
	EndGlobalSection
	GlobalSection(SolutionProperties) = preSolution
		HideSolutionNode = FALSE
	EndGlobalSection
	GlobalSection(ExtensibilityGlobals) = postSolution
		SolutionGuid = {D1270070-ECA7-40A4-A533-DB7F8BB68C7E}
	EndGlobalSection
EndGlobal
